
Microsoft Visual Studio Solution File, Format Version 12.00
# Visual Studio Version 18
VisualStudioVersion = 18.3.11218.70 d18.3
MinimumVisualStudioVersion = 10.0.40219.1
Project("{FAE04EC0-301F-11D3-BF4B-00C04F79EFBC}") = "HttpClientMonitor", "HttpClientMonitor.csproj", "{228246EB-15A0-9BEF-A3C0-D59C5DC8F2D8}"
EndProject
Global
	GlobalSection(SolutionConfigurationPlatforms) = preSolution
		Debug|Any CPU = Debug|Any CPU
		Release|Any CPU = Release|Any CPU
	EndGlobalSection
	GlobalSection(ProjectConfigurationPlatforms) = postSolution
		{228246EB-15A0-9BEF-A3C0-D59C5DC8F2D8}.Debug|Any CPU.ActiveCfg = Debug|Any CPU
		{228246EB-15A0-9BEF-A3C0-D59C5DC8F2D8}.Debug|Any CPU.Build.0 = Debug|Any CPU
		{228246EB-15A0-9BEF-A3C0-D59C5DC8F2D8}.Release|Any CPU.ActiveCfg = Release|Any CPU
		{228246EB-15A0-9BEF-A3C0-D59C5DC8F2D8}.Release|Any CPU.Build.0 = Release|Any CPU
	EndGlobalSection
	GlobalSection(SolutionProperties) = preSolution
		HideSolutionNode = FALSE
	EndGlobalSection
	GlobalSection(ExtensibilityGlobals) = postSolution
		SolutionGuid = {09046DA8-DCFD-4A4B-859A-B48DD8409234}
	EndGlobalSection
EndGlobal
